// !$*UTF8*$!
{
	archiveVersion = 1;
	classes = {
	};
	objectVersion = 50;
	objects = {

/* Begin PBXBuildFile section */
		B54758F5E31410B86B37D9F2 /* libPods-Toy And Learn.a in Frameworks */ = {isa = PBXBuildFile; fileRef = 557F85A1DF7E5DA4BFE2B2C6 /* libPods-Toy And Learn.a */; };
		CE58214B240A5C8900727B07 /* client_449172734413-mbl0oqjv3omolbp3ae58k63rmu14jhps.apps.googleusercontent.com.plist in Resources */ = {isa = PBXBuildFile; fileRef = CE58214A240A5C8900727B07 /* client_449172734413-mbl0oqjv3omolbp3ae58k63rmu14jhps.apps.googleusercontent.com.plist */; };
		CE582155240A7DD000727B07 /* NetworkHelper.swift in Sources */ = {isa = PBXBuildFile; fileRef = CE582154240A7DD000727B07 /* NetworkHelper.swift */; };
		CE582157240A7DDB00727B07 /* ApiClient.swift in Sources */ = {isa = PBXBuildFile; fileRef = CE582156240A7DDB00727B07 /* ApiClient.swift */; };
		CE6D523924093CA000AB9C53 /* AppDelegate.swift in Sources */ = {isa = PBXBuildFile; fileRef = CE6D523824093CA000AB9C53 /* AppDelegate.swift */; };
		CE6D523B24093CA000AB9C53 /* SceneDelegate.swift in Sources */ = {isa = PBXBuildFile; fileRef = CE6D523A24093CA000AB9C53 /* SceneDelegate.swift */; };
		CE6D523D24093CA000AB9C53 /* ViewController.swift in Sources */ = {isa = PBXBuildFile; fileRef = CE6D523C24093CA000AB9C53 /* ViewController.swift */; };
		CE6D524024093CA000AB9C53 /* Main.storyboard in Resources */ = {isa = PBXBuildFile; fileRef = CE6D523E24093CA000AB9C53 /* Main.storyboard */; };
		CE6D524324093CA000AB9C53 /* Toy_And_Learn.xcdatamodeld in Sources */ = {isa = PBXBuildFile; fileRef = CE6D524124093CA000AB9C53 /* Toy_And_Learn.xcdatamodeld */; };
		CE6D524524093CA300AB9C53 /* Assets.xcassets in Resources */ = {isa = PBXBuildFile; fileRef = CE6D524424093CA300AB9C53 /* Assets.xcassets */; };
		CE6D524824093CA300AB9C53 /* LaunchScreen.storyboard in Resources */ = {isa = PBXBuildFile; fileRef = CE6D524624093CA300AB9C53 /* LaunchScreen.storyboard */; };
		CEC03A08240B33DD008B25B7 /* ApiClientTests.swift in Sources */ = {isa = PBXBuildFile; fileRef = CEC03A07240B33DD008B25B7 /* ApiClientTests.swift */; };
		CEC03A16240B36B0008B25B7 /* CodableTests.swift in Sources */ = {isa = PBXBuildFile; fileRef = CEC03A15240B36B0008B25B7 /* CodableTests.swift */; };
		CEC03A1E240B5B1B008B25B7 /* DatabaseUtils.swift in Sources */ = {isa = PBXBuildFile; fileRef = CEC03A1D240B5B1B008B25B7 /* DatabaseUtils.swift */; };
		CEC03A20240B5E14008B25B7 /* MaterialDataUtils.swift in Sources */ = {isa = PBXBuildFile; fileRef = CEC03A1F240B5E14008B25B7 /* MaterialDataUtils.swift */; };
		CEC03A24240B5EFD008B25B7 /* StoryDataUtils.swift in Sources */ = {isa = PBXBuildFile; fileRef = CEC03A23240B5EFD008B25B7 /* StoryDataUtils.swift */; };
		CEC03A2C240B6224008B25B7 /* CoreDataTests.swift in Sources */ = {isa = PBXBuildFile; fileRef = CEC03A2B240B6224008B25B7 /* CoreDataTests.swift */; };
		CEC03A3A240B85A3008B25B7 /* StoryCoreDataTests.swift in Sources */ = {isa = PBXBuildFile; fileRef = CEC03A39240B85A3008B25B7 /* StoryCoreDataTests.swift */; };
		CEF7D263240A8C2600D8C358 /* NetworkHelperTests.swift in Sources */ = {isa = PBXBuildFile; fileRef = CEF7D262240A8C2600D8C358 /* NetworkHelperTests.swift */; };
		CEF7D26B240A8E9F00D8C358 /* Category.swift in Sources */ = {isa = PBXBuildFile; fileRef = CEF7D26A240A8E9F00D8C358 /* Category.swift */; };
		CEF7D26D240A8EA800D8C358 /* Toy.swift in Sources */ = {isa = PBXBuildFile; fileRef = CEF7D26C240A8EA800D8C358 /* Toy.swift */; };
		CEF7D26F240A8EBD00D8C358 /* Story.swift in Sources */ = {isa = PBXBuildFile; fileRef = CEF7D26E240A8EBD00D8C358 /* Story.swift */; };
/* End PBXBuildFile section */

/* Begin PBXContainerItemProxy section */
		CEC03A0A240B33DD008B25B7 /* PBXContainerItemProxy */ = {
			isa = PBXContainerItemProxy;
			containerPortal = CE6D522D24093CA000AB9C53 /* Project object */;
			proxyType = 1;
			remoteGlobalIDString = CE6D523424093CA000AB9C53;
			remoteInfo = "Toy And Learn";
		};
		CEC03A18240B36B0008B25B7 /* PBXContainerItemProxy */ = {
			isa = PBXContainerItemProxy;
			containerPortal = CE6D522D24093CA000AB9C53 /* Project object */;
			proxyType = 1;
			remoteGlobalIDString = CE6D523424093CA000AB9C53;
			remoteInfo = "Toy And Learn";
		};
		CEC03A2E240B6225008B25B7 /* PBXContainerItemProxy */ = {
			isa = PBXContainerItemProxy;
			containerPortal = CE6D522D24093CA000AB9C53 /* Project object */;
			proxyType = 1;
			remoteGlobalIDString = CE6D523424093CA000AB9C53;
			remoteInfo = "Toy And Learn";
		};
		CEC03A3C240B85A3008B25B7 /* PBXContainerItemProxy */ = {
			isa = PBXContainerItemProxy;
			containerPortal = CE6D522D24093CA000AB9C53 /* Project object */;
			proxyType = 1;
			remoteGlobalIDString = CE6D523424093CA000AB9C53;
			remoteInfo = "Toy And Learn";
		};
		CEF7D265240A8C2600D8C358 /* PBXContainerItemProxy */ = {
			isa = PBXContainerItemProxy;
			containerPortal = CE6D522D24093CA000AB9C53 /* Project object */;
			proxyType = 1;
			remoteGlobalIDString = CE6D523424093CA000AB9C53;
			remoteInfo = "Toy And Learn";
		};
/* End PBXContainerItemProxy section */

/* Begin PBXFileReference section */
		557F85A1DF7E5DA4BFE2B2C6 /* libPods-Toy And Learn.a */ = {isa = PBXFileReference; explicitFileType = archive.ar; includeInIndex = 0; path = "libPods-Toy And Learn.a"; sourceTree = BUILT_PRODUCTS_DIR; };
		63FE6DABE475B43F803BDB54 /* Pods-Toy And Learn.release.xcconfig */ = {isa = PBXFileReference; includeInIndex = 1; lastKnownFileType = text.xcconfig; name = "Pods-Toy And Learn.release.xcconfig"; path = "Target Support Files/Pods-Toy And Learn/Pods-Toy And Learn.release.xcconfig"; sourceTree = "<group>"; };
		CE58214A240A5C8900727B07 /* client_449172734413-mbl0oqjv3omolbp3ae58k63rmu14jhps.apps.googleusercontent.com.plist */ = {isa = PBXFileReference; fileEncoding = 4; lastKnownFileType = text.plist.xml; path = "client_449172734413-mbl0oqjv3omolbp3ae58k63rmu14jhps.apps.googleusercontent.com.plist"; sourceTree = "<group>"; };
		CE582154240A7DD000727B07 /* NetworkHelper.swift */ = {isa = PBXFileReference; lastKnownFileType = sourcecode.swift; path = NetworkHelper.swift; sourceTree = "<group>"; };
		CE582156240A7DDB00727B07 /* ApiClient.swift */ = {isa = PBXFileReference; lastKnownFileType = sourcecode.swift; path = ApiClient.swift; sourceTree = "<group>"; };
		CE6D523524093CA000AB9C53 /* Toy And Learn.app */ = {isa = PBXFileReference; explicitFileType = wrapper.application; includeInIndex = 0; path = "Toy And Learn.app"; sourceTree = BUILT_PRODUCTS_DIR; };
		CE6D523824093CA000AB9C53 /* AppDelegate.swift */ = {isa = PBXFileReference; lastKnownFileType = sourcecode.swift; path = AppDelegate.swift; sourceTree = "<group>"; };
		CE6D523A24093CA000AB9C53 /* SceneDelegate.swift */ = {isa = PBXFileReference; lastKnownFileType = sourcecode.swift; path = SceneDelegate.swift; sourceTree = "<group>"; };
		CE6D523C24093CA000AB9C53 /* ViewController.swift */ = {isa = PBXFileReference; lastKnownFileType = sourcecode.swift; path = ViewController.swift; sourceTree = "<group>"; };
		CE6D523F24093CA000AB9C53 /* Base */ = {isa = PBXFileReference; lastKnownFileType = file.storyboard; name = Base; path = Base.lproj/Main.storyboard; sourceTree = "<group>"; };
		CE6D524224093CA000AB9C53 /* Toy_And_Learn.xcdatamodel */ = {isa = PBXFileReference; lastKnownFileType = wrapper.xcdatamodel; path = Toy_And_Learn.xcdatamodel; sourceTree = "<group>"; };
		CE6D524424093CA300AB9C53 /* Assets.xcassets */ = {isa = PBXFileReference; lastKnownFileType = folder.assetcatalog; path = Assets.xcassets; sourceTree = "<group>"; };
		CE6D524724093CA300AB9C53 /* Base */ = {isa = PBXFileReference; lastKnownFileType = file.storyboard; name = Base; path = Base.lproj/LaunchScreen.storyboard; sourceTree = "<group>"; };
		CE6D524924093CA300AB9C53 /* Info.plist */ = {isa = PBXFileReference; lastKnownFileType = text.plist.xml; path = Info.plist; sourceTree = "<group>"; };
		CEC03A05240B33DD008B25B7 /* ApiClientTests.xctest */ = {isa = PBXFileReference; explicitFileType = wrapper.cfbundle; includeInIndex = 0; path = ApiClientTests.xctest; sourceTree = BUILT_PRODUCTS_DIR; };
		CEC03A07240B33DD008B25B7 /* ApiClientTests.swift */ = {isa = PBXFileReference; lastKnownFileType = sourcecode.swift; path = ApiClientTests.swift; sourceTree = "<group>"; };
		CEC03A09240B33DD008B25B7 /* Info.plist */ = {isa = PBXFileReference; lastKnownFileType = text.plist.xml; path = Info.plist; sourceTree = "<group>"; };
		CEC03A13240B36B0008B25B7 /* CodableTests.xctest */ = {isa = PBXFileReference; explicitFileType = wrapper.cfbundle; includeInIndex = 0; path = CodableTests.xctest; sourceTree = BUILT_PRODUCTS_DIR; };
		CEC03A15240B36B0008B25B7 /* CodableTests.swift */ = {isa = PBXFileReference; lastKnownFileType = sourcecode.swift; path = CodableTests.swift; sourceTree = "<group>"; };
		CEC03A17240B36B0008B25B7 /* Info.plist */ = {isa = PBXFileReference; lastKnownFileType = text.plist.xml; path = Info.plist; sourceTree = "<group>"; };
		CEC03A1D240B5B1B008B25B7 /* DatabaseUtils.swift */ = {isa = PBXFileReference; lastKnownFileType = sourcecode.swift; path = DatabaseUtils.swift; sourceTree = "<group>"; };
		CEC03A1F240B5E14008B25B7 /* MaterialDataUtils.swift */ = {isa = PBXFileReference; lastKnownFileType = sourcecode.swift; path = MaterialDataUtils.swift; sourceTree = "<group>"; };
		CEC03A23240B5EFD008B25B7 /* StoryDataUtils.swift */ = {isa = PBXFileReference; lastKnownFileType = sourcecode.swift; path = StoryDataUtils.swift; sourceTree = "<group>"; };
		CEC03A29240B6224008B25B7 /* CoreDataTests.xctest */ = {isa = PBXFileReference; explicitFileType = wrapper.cfbundle; includeInIndex = 0; path = CoreDataTests.xctest; sourceTree = BUILT_PRODUCTS_DIR; };
		CEC03A2B240B6224008B25B7 /* CoreDataTests.swift */ = {isa = PBXFileReference; lastKnownFileType = sourcecode.swift; path = CoreDataTests.swift; sourceTree = "<group>"; };
		CEC03A2D240B6225008B25B7 /* Info.plist */ = {isa = PBXFileReference; lastKnownFileType = text.plist.xml; path = Info.plist; sourceTree = "<group>"; };
		CEC03A37240B85A3008B25B7 /* StoryCoreDataTests.xctest */ = {isa = PBXFileReference; explicitFileType = wrapper.cfbundle; includeInIndex = 0; path = StoryCoreDataTests.xctest; sourceTree = BUILT_PRODUCTS_DIR; };
		CEC03A39240B85A3008B25B7 /* StoryCoreDataTests.swift */ = {isa = PBXFileReference; lastKnownFileType = sourcecode.swift; path = StoryCoreDataTests.swift; sourceTree = "<group>"; };
		CEC03A3B240B85A3008B25B7 /* Info.plist */ = {isa = PBXFileReference; lastKnownFileType = text.plist.xml; path = Info.plist; sourceTree = "<group>"; };
		CEF7D260240A8C2600D8C358 /* NetworkHelperTests.xctest */ = {isa = PBXFileReference; explicitFileType = wrapper.cfbundle; includeInIndex = 0; path = NetworkHelperTests.xctest; sourceTree = BUILT_PRODUCTS_DIR; };
		CEF7D262240A8C2600D8C358 /* NetworkHelperTests.swift */ = {isa = PBXFileReference; lastKnownFileType = sourcecode.swift; path = NetworkHelperTests.swift; sourceTree = "<group>"; };
		CEF7D264240A8C2600D8C358 /* Info.plist */ = {isa = PBXFileReference; lastKnownFileType = text.plist.xml; path = Info.plist; sourceTree = "<group>"; };
		CEF7D26A240A8E9F00D8C358 /* Category.swift */ = {isa = PBXFileReference; lastKnownFileType = sourcecode.swift; path = Category.swift; sourceTree = "<group>"; };
		CEF7D26C240A8EA800D8C358 /* Toy.swift */ = {isa = PBXFileReference; lastKnownFileType = sourcecode.swift; path = Toy.swift; sourceTree = "<group>"; };
		CEF7D26E240A8EBD00D8C358 /* Story.swift */ = {isa = PBXFileReference; lastKnownFileType = sourcecode.swift; path = Story.swift; sourceTree = "<group>"; };
		D4D3CA07C48BD033C85BB525 /* Pods-Toy And Learn.debug.xcconfig */ = {isa = PBXFileReference; includeInIndex = 1; lastKnownFileType = text.xcconfig; name = "Pods-Toy And Learn.debug.xcconfig"; path = "Target Support Files/Pods-Toy And Learn/Pods-Toy And Learn.debug.xcconfig"; sourceTree = "<group>"; };
/* End PBXFileReference section */

/* Begin PBXFrameworksBuildPhase section */
		CE6D523224093CA000AB9C53 /* Frameworks */ = {
			isa = PBXFrameworksBuildPhase;
			buildActionMask = 2147483647;
			files = (
				B54758F5E31410B86B37D9F2 /* libPods-Toy And Learn.a in Frameworks */,
			);
			runOnlyForDeploymentPostprocessing = 0;
		};
		CEC03A02240B33DD008B25B7 /* Frameworks */ = {
			isa = PBXFrameworksBuildPhase;
			buildActionMask = 2147483647;
			files = (
			);
			runOnlyForDeploymentPostprocessing = 0;
		};
		CEC03A10240B36B0008B25B7 /* Frameworks */ = {
			isa = PBXFrameworksBuildPhase;
			buildActionMask = 2147483647;
			files = (
			);
			runOnlyForDeploymentPostprocessing = 0;
		};
		CEC03A26240B6224008B25B7 /* Frameworks */ = {
			isa = PBXFrameworksBuildPhase;
			buildActionMask = 2147483647;
			files = (
			);
			runOnlyForDeploymentPostprocessing = 0;
		};
		CEC03A34240B85A3008B25B7 /* Frameworks */ = {
			isa = PBXFrameworksBuildPhase;
			buildActionMask = 2147483647;
			files = (
			);
			runOnlyForDeploymentPostprocessing = 0;
		};
		CEF7D25D240A8C2600D8C358 /* Frameworks */ = {
			isa = PBXFrameworksBuildPhase;
			buildActionMask = 2147483647;
			files = (
			);
			runOnlyForDeploymentPostprocessing = 0;
		};
/* End PBXFrameworksBuildPhase section */

/* Begin PBXGroup section */
		89F0E893B843FE2EF547DC4C /* Frameworks */ = {
			isa = PBXGroup;
			children = (
				557F85A1DF7E5DA4BFE2B2C6 /* libPods-Toy And Learn.a */,
			);
			name = Frameworks;
			sourceTree = "<group>";
		};
		B6F22C4FFEA78D790966333C /* Pods */ = {
			isa = PBXGroup;
			children = (
				D4D3CA07C48BD033C85BB525 /* Pods-Toy And Learn.debug.xcconfig */,
				63FE6DABE475B43F803BDB54 /* Pods-Toy And Learn.release.xcconfig */,
			);
			path = Pods;
			sourceTree = "<group>";
		};
		CE58214C240A7D2800727B07 /* Networking */ = {
			isa = PBXGroup;
			children = (
				CE582154240A7DD000727B07 /* NetworkHelper.swift */,
				CE582156240A7DDB00727B07 /* ApiClient.swift */,
			);
			path = Networking;
			sourceTree = "<group>";
		};
		CE58214D240A7D3600727B07 /* DatabaseUtils */ = {
			isa = PBXGroup;
			children = (
				CE6D524124093CA000AB9C53 /* Toy_And_Learn.xcdatamodeld */,
				CEC03A1D240B5B1B008B25B7 /* DatabaseUtils.swift */,
				CEC03A1F240B5E14008B25B7 /* MaterialDataUtils.swift */,
				CEC03A23240B5EFD008B25B7 /* StoryDataUtils.swift */,
			);
			path = DatabaseUtils;
			sourceTree = "<group>";
		};
		CE58214E240A7D3D00727B07 /* UIUtils */ = {
			isa = PBXGroup;
			children = (
			);
			path = UIUtils;
			sourceTree = "<group>";
		};
		CE58214F240A7D4A00727B07 /* Model */ = {
			isa = PBXGroup;
			children = (
				CEF7D26A240A8E9F00D8C358 /* Category.swift */,
				CEF7D26C240A8EA800D8C358 /* Toy.swift */,
				CEF7D26E240A8EBD00D8C358 /* Story.swift */,
			);
			path = Model;
			sourceTree = "<group>";
		};
		CE582150240A7D4F00727B07 /* View */ = {
			isa = PBXGroup;
			children = (
				CE6D523E24093CA000AB9C53 /* Main.storyboard */,
				CE6D524424093CA300AB9C53 /* Assets.xcassets */,
				CE6D524624093CA300AB9C53 /* LaunchScreen.storyboard */,
			);
			path = View;
			sourceTree = "<group>";
		};
		CE582151240A7D5300727B07 /* Controller */ = {
			isa = PBXGroup;
			children = (
				CE6D523C24093CA000AB9C53 /* ViewController.swift */,
			);
			path = Controller;
			sourceTree = "<group>";
		};
		CE582152240A7D6100727B07 /* App */ = {
			isa = PBXGroup;
			children = (
				CE6D523824093CA000AB9C53 /* AppDelegate.swift */,
				CE6D523A24093CA000AB9C53 /* SceneDelegate.swift */,
			);
			path = App;
			sourceTree = "<group>";
		};
		CE6D522C24093CA000AB9C53 = {
			isa = PBXGroup;
			children = (
				CE58214A240A5C8900727B07 /* client_449172734413-mbl0oqjv3omolbp3ae58k63rmu14jhps.apps.googleusercontent.com.plist */,
				CE6D523724093CA000AB9C53 /* Toy And Learn */,
				CEF7D261240A8C2600D8C358 /* NetworkHelperTests */,
				CEC03A06240B33DD008B25B7 /* ApiClientTests */,
				CEC03A14240B36B0008B25B7 /* CodableTests */,
				CEC03A2A240B6224008B25B7 /* CoreDataTests */,
				CEC03A38240B85A3008B25B7 /* StoryCoreDataTests */,
				CE6D523624093CA000AB9C53 /* Products */,
				B6F22C4FFEA78D790966333C /* Pods */,
				89F0E893B843FE2EF547DC4C /* Frameworks */,
			);
			sourceTree = "<group>";
		};
		CE6D523624093CA000AB9C53 /* Products */ = {
			isa = PBXGroup;
			children = (
				CE6D523524093CA000AB9C53 /* Toy And Learn.app */,
				CEF7D260240A8C2600D8C358 /* NetworkHelperTests.xctest */,
				CEC03A05240B33DD008B25B7 /* ApiClientTests.xctest */,
				CEC03A13240B36B0008B25B7 /* CodableTests.xctest */,
				CEC03A29240B6224008B25B7 /* CoreDataTests.xctest */,
				CEC03A37240B85A3008B25B7 /* StoryCoreDataTests.xctest */,
			);
			name = Products;
			sourceTree = "<group>";
		};
		CE6D523724093CA000AB9C53 /* Toy And Learn */ = {
			isa = PBXGroup;
			children = (
				CE582152240A7D6100727B07 /* App */,
				CE58214C240A7D2800727B07 /* Networking */,
				CE582151240A7D5300727B07 /* Controller */,
				CE582150240A7D4F00727B07 /* View */,
				CE58214F240A7D4A00727B07 /* Model */,
				CE58214E240A7D3D00727B07 /* UIUtils */,
				CE58214D240A7D3600727B07 /* DatabaseUtils */,
				CE6D524924093CA300AB9C53 /* Info.plist */,
			);
			path = "Toy And Learn";
			sourceTree = "<group>";
		};
		CEC03A06240B33DD008B25B7 /* ApiClientTests */ = {
			isa = PBXGroup;
			children = (
				CEC03A07240B33DD008B25B7 /* ApiClientTests.swift */,
				CEC03A09240B33DD008B25B7 /* Info.plist */,
			);
			path = ApiClientTests;
			sourceTree = "<group>";
		};
		CEC03A14240B36B0008B25B7 /* CodableTests */ = {
			isa = PBXGroup;
			children = (
				CEC03A15240B36B0008B25B7 /* CodableTests.swift */,
				CEC03A17240B36B0008B25B7 /* Info.plist */,
			);
			path = CodableTests;
			sourceTree = "<group>";
		};
		CEC03A2A240B6224008B25B7 /* CoreDataTests */ = {
			isa = PBXGroup;
			children = (
				CEC03A2B240B6224008B25B7 /* CoreDataTests.swift */,
				CEC03A2D240B6225008B25B7 /* Info.plist */,
			);
			path = CoreDataTests;
			sourceTree = "<group>";
		};
		CEC03A38240B85A3008B25B7 /* StoryCoreDataTests */ = {
			isa = PBXGroup;
			children = (
				CEC03A39240B85A3008B25B7 /* StoryCoreDataTests.swift */,
				CEC03A3B240B85A3008B25B7 /* Info.plist */,
			);
			path = StoryCoreDataTests;
			sourceTree = "<group>";
		};
		CEF7D261240A8C2600D8C358 /* NetworkHelperTests */ = {
			isa = PBXGroup;
			children = (
				CEF7D262240A8C2600D8C358 /* NetworkHelperTests.swift */,
				CEF7D264240A8C2600D8C358 /* Info.plist */,
			);
			path = NetworkHelperTests;
			sourceTree = "<group>";
		};
/* End PBXGroup section */

/* Begin PBXNativeTarget section */
		CE6D523424093CA000AB9C53 /* Toy And Learn */ = {
			isa = PBXNativeTarget;
			buildConfigurationList = CE6D524C24093CA300AB9C53 /* Build configuration list for PBXNativeTarget "Toy And Learn" */;
			buildPhases = (
				F90140006CE3B8A12ECE13BA /* [CP] Check Pods Manifest.lock */,
				CE6D523124093CA000AB9C53 /* Sources */,
				CE6D523224093CA000AB9C53 /* Frameworks */,
				CE6D523324093CA000AB9C53 /* Resources */,
			);
			buildRules = (
			);
			dependencies = (
			);
			name = "Toy And Learn";
			productName = "Toy And Learn";
			productReference = CE6D523524093CA000AB9C53 /* Toy And Learn.app */;
			productType = "com.apple.product-type.application";
		};
		CEC03A04240B33DD008B25B7 /* ApiClientTests */ = {
			isa = PBXNativeTarget;
			buildConfigurationList = CEC03A0C240B33DD008B25B7 /* Build configuration list for PBXNativeTarget "ApiClientTests" */;
			buildPhases = (
				CEC03A01240B33DD008B25B7 /* Sources */,
				CEC03A02240B33DD008B25B7 /* Frameworks */,
				CEC03A03240B33DD008B25B7 /* Resources */,
			);
			buildRules = (
			);
			dependencies = (
				CEC03A0B240B33DD008B25B7 /* PBXTargetDependency */,
			);
			name = ApiClientTests;
			productName = ApiClientTests;
			productReference = CEC03A05240B33DD008B25B7 /* ApiClientTests.xctest */;
			productType = "com.apple.product-type.bundle.unit-test";
		};
		CEC03A12240B36B0008B25B7 /* CodableTests */ = {
			isa = PBXNativeTarget;
			buildConfigurationList = CEC03A1A240B36B0008B25B7 /* Build configuration list for PBXNativeTarget "CodableTests" */;
			buildPhases = (
				CEC03A0F240B36B0008B25B7 /* Sources */,
				CEC03A10240B36B0008B25B7 /* Frameworks */,
				CEC03A11240B36B0008B25B7 /* Resources */,
			);
			buildRules = (
			);
			dependencies = (
				CEC03A19240B36B0008B25B7 /* PBXTargetDependency */,
			);
			name = CodableTests;
			productName = CodableTests;
			productReference = CEC03A13240B36B0008B25B7 /* CodableTests.xctest */;
			productType = "com.apple.product-type.bundle.unit-test";
		};
		CEC03A28240B6224008B25B7 /* CoreDataTests */ = {
			isa = PBXNativeTarget;
			buildConfigurationList = CEC03A30240B6225008B25B7 /* Build configuration list for PBXNativeTarget "CoreDataTests" */;
			buildPhases = (
				CEC03A25240B6224008B25B7 /* Sources */,
				CEC03A26240B6224008B25B7 /* Frameworks */,
				CEC03A27240B6224008B25B7 /* Resources */,
			);
			buildRules = (
			);
			dependencies = (
				CEC03A2F240B6225008B25B7 /* PBXTargetDependency */,
			);
			name = CoreDataTests;
			productName = CoreDataTests;
			productReference = CEC03A29240B6224008B25B7 /* CoreDataTests.xctest */;
			productType = "com.apple.product-type.bundle.unit-test";
		};
		CEC03A36240B85A3008B25B7 /* StoryCoreDataTests */ = {
			isa = PBXNativeTarget;
			buildConfigurationList = CEC03A3E240B85A3008B25B7 /* Build configuration list for PBXNativeTarget "StoryCoreDataTests" */;
			buildPhases = (
				CEC03A33240B85A3008B25B7 /* Sources */,
				CEC03A34240B85A3008B25B7 /* Frameworks */,
				CEC03A35240B85A3008B25B7 /* Resources */,
			);
			buildRules = (
			);
			dependencies = (
				CEC03A3D240B85A3008B25B7 /* PBXTargetDependency */,
			);
			name = StoryCoreDataTests;
			productName = StoryCoreDataTests;
			productReference = CEC03A37240B85A3008B25B7 /* StoryCoreDataTests.xctest */;
			productType = "com.apple.product-type.bundle.unit-test";
		};
		CEF7D25F240A8C2600D8C358 /* NetworkHelperTests */ = {
			isa = PBXNativeTarget;
			buildConfigurationList = CEF7D269240A8C2600D8C358 /* Build configuration list for PBXNativeTarget "NetworkHelperTests" */;
			buildPhases = (
				CEF7D25C240A8C2600D8C358 /* Sources */,
				CEF7D25D240A8C2600D8C358 /* Frameworks */,
				CEF7D25E240A8C2600D8C358 /* Resources */,
			);
			buildRules = (
			);
			dependencies = (
				CEF7D266240A8C2600D8C358 /* PBXTargetDependency */,
			);
			name = NetworkHelperTests;
			productName = NetworkHelperTests;
			productReference = CEF7D260240A8C2600D8C358 /* NetworkHelperTests.xctest */;
			productType = "com.apple.product-type.bundle.unit-test";
		};
/* End PBXNativeTarget section */

/* Begin PBXProject section */
		CE6D522D24093CA000AB9C53 /* Project object */ = {
			isa = PBXProject;
			attributes = {
				LastSwiftUpdateCheck = 1130;
				LastUpgradeCheck = 1130;
				ORGANIZATIONNAME = Andalus;
				TargetAttributes = {
					CE6D523424093CA000AB9C53 = {
						CreatedOnToolsVersion = 11.3;
					};
					CEC03A04240B33DD008B25B7 = {
						CreatedOnToolsVersion = 11.3;
						TestTargetID = CE6D523424093CA000AB9C53;
					};
					CEC03A12240B36B0008B25B7 = {
						CreatedOnToolsVersion = 11.3;
						TestTargetID = CE6D523424093CA000AB9C53;
					};
					CEC03A28240B6224008B25B7 = {
						CreatedOnToolsVersion = 11.3;
						TestTargetID = CE6D523424093CA000AB9C53;
					};
					CEC03A36240B85A3008B25B7 = {
						CreatedOnToolsVersion = 11.3;
						TestTargetID = CE6D523424093CA000AB9C53;
					};
					CEF7D25F240A8C2600D8C358 = {
						CreatedOnToolsVersion = 11.3;
						TestTargetID = CE6D523424093CA000AB9C53;
					};
				};
			};
			buildConfigurationList = CE6D523024093CA000AB9C53 /* Build configuration list for PBXProject "Toy And Learn" */;
			compatibilityVersion = "Xcode 9.3";
			developmentRegion = en;
			hasScannedForEncodings = 0;
			knownRegions = (
				en,
				Base,
			);
			mainGroup = CE6D522C24093CA000AB9C53;
			productRefGroup = CE6D523624093CA000AB9C53 /* Products */;
			projectDirPath = "";
			projectRoot = "";
			targets = (
				CE6D523424093CA000AB9C53 /* Toy And Learn */,
				CEF7D25F240A8C2600D8C358 /* NetworkHelperTests */,
				CEC03A04240B33DD008B25B7 /* ApiClientTests */,
				CEC03A12240B36B0008B25B7 /* CodableTests */,
				CEC03A28240B6224008B25B7 /* CoreDataTests */,
				CEC03A36240B85A3008B25B7 /* StoryCoreDataTests */,
			);
		};
/* End PBXProject section */

/* Begin PBXResourcesBuildPhase section */
		CE6D523324093CA000AB9C53 /* Resources */ = {
			isa = PBXResourcesBuildPhase;
			buildActionMask = 2147483647;
			files = (
				CE6D524824093CA300AB9C53 /* LaunchScreen.storyboard in Resources */,
				CE6D524524093CA300AB9C53 /* Assets.xcassets in Resources */,
				CE58214B240A5C8900727B07 /* client_449172734413-mbl0oqjv3omolbp3ae58k63rmu14jhps.apps.googleusercontent.com.plist in Resources */,
				CE6D524024093CA000AB9C53 /* Main.storyboard in Resources */,
			);
			runOnlyForDeploymentPostprocessing = 0;
		};
		CEC03A03240B33DD008B25B7 /* Resources */ = {
			isa = PBXResourcesBuildPhase;
			buildActionMask = 2147483647;
			files = (
			);
			runOnlyForDeploymentPostprocessing = 0;
		};
		CEC03A11240B36B0008B25B7 /* Resources */ = {
			isa = PBXResourcesBuildPhase;
			buildActionMask = 2147483647;
			files = (
			);
			runOnlyForDeploymentPostprocessing = 0;
		};
		CEC03A27240B6224008B25B7 /* Resources */ = {
			isa = PBXResourcesBuildPhase;
			buildActionMask = 2147483647;
			files = (
			);
			runOnlyForDeploymentPostprocessing = 0;
		};
		CEC03A35240B85A3008B25B7 /* Resources */ = {
			isa = PBXResourcesBuildPhase;
			buildActionMask = 2147483647;
			files = (
			);
			runOnlyForDeploymentPostprocessing = 0;
		};
		CEF7D25E240A8C2600D8C358 /* Resources */ = {
			isa = PBXResourcesBuildPhase;
			buildActionMask = 2147483647;
			files = (
			);
			runOnlyForDeploymentPostprocessing = 0;
		};
/* End PBXResourcesBuildPhase section */

/* Begin PBXShellScriptBuildPhase section */
		F90140006CE3B8A12ECE13BA /* [CP] Check Pods Manifest.lock */ = {
			isa = PBXShellScriptBuildPhase;
			buildActionMask = 2147483647;
			files = (
			);
			inputFileListPaths = (
			);
			inputPaths = (
				"${PODS_PODFILE_DIR_PATH}/Podfile.lock",
				"${PODS_ROOT}/Manifest.lock",
			);
			name = "[CP] Check Pods Manifest.lock";
			outputFileListPaths = (
			);
			outputPaths = (
				"$(DERIVED_FILE_DIR)/Pods-Toy And Learn-checkManifestLockResult.txt",
			);
			runOnlyForDeploymentPostprocessing = 0;
			shellPath = /bin/sh;
			shellScript = "diff \"${PODS_PODFILE_DIR_PATH}/Podfile.lock\" \"${PODS_ROOT}/Manifest.lock\" > /dev/null\nif [ $? != 0 ] ; then\n    # print error to STDERR\n    echo \"error: The sandbox is not in sync with the Podfile.lock. Run 'pod install' or update your CocoaPods installation.\" >&2\n    exit 1\nfi\n# This output is used by Xcode 'outputs' to avoid re-running this script phase.\necho \"SUCCESS\" > \"${SCRIPT_OUTPUT_FILE_0}\"\n";
			showEnvVarsInLog = 0;
		};
/* End PBXShellScriptBuildPhase section */

/* Begin PBXSourcesBuildPhase section */
		CE6D523124093CA000AB9C53 /* Sources */ = {
			isa = PBXSourcesBuildPhase;
			buildActionMask = 2147483647;
			files = (
				CEF7D26D240A8EA800D8C358 /* Toy.swift in Sources */,
				CE6D523D24093CA000AB9C53 /* ViewController.swift in Sources */,
				CE6D524324093CA000AB9C53 /* Toy_And_Learn.xcdatamodeld in Sources */,
				CE582155240A7DD000727B07 /* NetworkHelper.swift in Sources */,
				CE6D523924093CA000AB9C53 /* AppDelegate.swift in Sources */,
				CEC03A1E240B5B1B008B25B7 /* DatabaseUtils.swift in Sources */,
				CE6D523B24093CA000AB9C53 /* SceneDelegate.swift in Sources */,
				CE582157240A7DDB00727B07 /* ApiClient.swift in Sources */,
				CEF7D26B240A8E9F00D8C358 /* Category.swift in Sources */,
				CEC03A24240B5EFD008B25B7 /* StoryDataUtils.swift in Sources */,
				CEF7D26F240A8EBD00D8C358 /* Story.swift in Sources */,
				CEC03A20240B5E14008B25B7 /* MaterialDataUtils.swift in Sources */,
			);
			runOnlyForDeploymentPostprocessing = 0;
		};
		CEC03A01240B33DD008B25B7 /* Sources */ = {
			isa = PBXSourcesBuildPhase;
			buildActionMask = 2147483647;
			files = (
				CEC03A08240B33DD008B25B7 /* ApiClientTests.swift in Sources */,
			);
			runOnlyForDeploymentPostprocessing = 0;
		};
		CEC03A0F240B36B0008B25B7 /* Sources */ = {
			isa = PBXSourcesBuildPhase;
			buildActionMask = 2147483647;
			files = (
				CEC03A16240B36B0008B25B7 /* CodableTests.swift in Sources */,
			);
			runOnlyForDeploymentPostprocessing = 0;
		};
		CEC03A25240B6224008B25B7 /* Sources */ = {
			isa = PBXSourcesBuildPhase;
			buildActionMask = 2147483647;
			files = (
				CEC03A2C240B6224008B25B7 /* CoreDataTests.swift in Sources */,
			);
			runOnlyForDeploymentPostprocessing = 0;
		};
		CEC03A33240B85A3008B25B7 /* Sources */ = {
			isa = PBXSourcesBuildPhase;
			buildActionMask = 2147483647;
			files = (
				CEC03A3A240B85A3008B25B7 /* StoryCoreDataTests.swift in Sources */,
			);
			runOnlyForDeploymentPostprocessing = 0;
		};
		CEF7D25C240A8C2600D8C358 /* Sources */ = {
			isa = PBXSourcesBuildPhase;
			buildActionMask = 2147483647;
			files = (
				CEF7D263240A8C2600D8C358 /* NetworkHelperTests.swift in Sources */,
			);
			runOnlyForDeploymentPostprocessing = 0;
		};
/* End PBXSourcesBuildPhase section */

/* Begin PBXTargetDependency section */
		CEC03A0B240B33DD008B25B7 /* PBXTargetDependency */ = {
			isa = PBXTargetDependency;
			target = CE6D523424093CA000AB9C53 /* Toy And Learn */;
			targetProxy = CEC03A0A240B33DD008B25B7 /* PBXContainerItemProxy */;
		};
		CEC03A19240B36B0008B25B7 /* PBXTargetDependency */ = {
			isa = PBXTargetDependency;
			target = CE6D523424093CA000AB9C53 /* Toy And Learn */;
			targetProxy = CEC03A18240B36B0008B25B7 /* PBXContainerItemProxy */;
		};
		CEC03A2F240B6225008B25B7 /* PBXTargetDependency */ = {
			isa = PBXTargetDependency;
			target = CE6D523424093CA000AB9C53 /* Toy And Learn */;
			targetProxy = CEC03A2E240B6225008B25B7 /* PBXContainerItemProxy */;
		};
		CEC03A3D240B85A3008B25B7 /* PBXTargetDependency */ = {
			isa = PBXTargetDependency;
			target = CE6D523424093CA000AB9C53 /* Toy And Learn */;
			targetProxy = CEC03A3C240B85A3008B25B7 /* PBXContainerItemProxy */;
		};
		CEF7D266240A8C2600D8C358 /* PBXTargetDependency */ = {
			isa = PBXTargetDependency;
			target = CE6D523424093CA000AB9C53 /* Toy And Learn */;
			targetProxy = CEF7D265240A8C2600D8C358 /* PBXContainerItemProxy */;
		};
/* End PBXTargetDependency section */

/* Begin PBXVariantGroup section */
		CE6D523E24093CA000AB9C53 /* Main.storyboard */ = {
			isa = PBXVariantGroup;
			children = (
				CE6D523F24093CA000AB9C53 /* Base */,
			);
			name = Main.storyboard;
			sourceTree = "<group>";
		};
		CE6D524624093CA300AB9C53 /* LaunchScreen.storyboard */ = {
			isa = PBXVariantGroup;
			children = (
				CE6D524724093CA300AB9C53 /* Base */,
			);
			name = LaunchScreen.storyboard;
			sourceTree = "<group>";
		};
/* End PBXVariantGroup section */

/* Begin XCBuildConfiguration section */
		CE6D524A24093CA300AB9C53 /* Debug */ = {
			isa = XCBuildConfiguration;
			buildSettings = {
				ALWAYS_SEARCH_USER_PATHS = NO;
				CLANG_ANALYZER_NONNULL = YES;
				CLANG_ANALYZER_NUMBER_OBJECT_CONVERSION = YES_AGGRESSIVE;
				CLANG_CXX_LANGUAGE_STANDARD = "gnu++14";
				CLANG_CXX_LIBRARY = "libc++";
				CLANG_ENABLE_MODULES = YES;
				CLANG_ENABLE_OBJC_ARC = YES;
				CLANG_ENABLE_OBJC_WEAK = YES;
				CLANG_WARN_BLOCK_CAPTURE_AUTORELEASING = YES;
				CLANG_WARN_BOOL_CONVERSION = YES;
				CLANG_WARN_COMMA = YES;
				CLANG_WARN_CONSTANT_CONVERSION = YES;
				CLANG_WARN_DEPRECATED_OBJC_IMPLEMENTATIONS = YES;
				CLANG_WARN_DIRECT_OBJC_ISA_USAGE = YES_ERROR;
				CLANG_WARN_DOCUMENTATION_COMMENTS = YES;
				CLANG_WARN_EMPTY_BODY = YES;
				CLANG_WARN_ENUM_CONVERSION = YES;
				CLANG_WARN_INFINITE_RECURSION = YES;
				CLANG_WARN_INT_CONVERSION = YES;
				CLANG_WARN_NON_LITERAL_NULL_CONVERSION = YES;
				CLANG_WARN_OBJC_IMPLICIT_RETAIN_SELF = YES;
				CLANG_WARN_OBJC_LITERAL_CONVERSION = YES;
				CLANG_WARN_OBJC_ROOT_CLASS = YES_ERROR;
				CLANG_WARN_RANGE_LOOP_ANALYSIS = YES;
				CLANG_WARN_STRICT_PROTOTYPES = YES;
				CLANG_WARN_SUSPICIOUS_MOVE = YES;
				CLANG_WARN_UNGUARDED_AVAILABILITY = YES_AGGRESSIVE;
				CLANG_WARN_UNREACHABLE_CODE = YES;
				CLANG_WARN__DUPLICATE_METHOD_MATCH = YES;
				COPY_PHASE_STRIP = NO;
				DEBUG_INFORMATION_FORMAT = dwarf;
				ENABLE_STRICT_OBJC_MSGSEND = YES;
				ENABLE_TESTABILITY = YES;
				GCC_C_LANGUAGE_STANDARD = gnu11;
				GCC_DYNAMIC_NO_PIC = NO;
				GCC_NO_COMMON_BLOCKS = YES;
				GCC_OPTIMIZATION_LEVEL = 0;
				GCC_PREPROCESSOR_DEFINITIONS = (
					"DEBUG=1",
					"$(inherited)",
				);
				GCC_WARN_64_TO_32_BIT_CONVERSION = YES;
				GCC_WARN_ABOUT_RETURN_TYPE = YES_ERROR;
				GCC_WARN_UNDECLARED_SELECTOR = YES;
				GCC_WARN_UNINITIALIZED_AUTOS = YES_AGGRESSIVE;
				GCC_WARN_UNUSED_FUNCTION = YES;
				GCC_WARN_UNUSED_VARIABLE = YES;
				IPHONEOS_DEPLOYMENT_TARGET = 13.2;
				MTL_ENABLE_DEBUG_INFO = INCLUDE_SOURCE;
				MTL_FAST_MATH = YES;
				ONLY_ACTIVE_ARCH = YES;
				SDKROOT = iphoneos;
				SWIFT_ACTIVE_COMPILATION_CONDITIONS = DEBUG;
				SWIFT_OPTIMIZATION_LEVEL = "-Onone";
			};
			name = Debug;
		};
		CE6D524B24093CA300AB9C53 /* Release */ = {
			isa = XCBuildConfiguration;
			buildSettings = {
				ALWAYS_SEARCH_USER_PATHS = NO;
				CLANG_ANALYZER_NONNULL = YES;
				CLANG_ANALYZER_NUMBER_OBJECT_CONVERSION = YES_AGGRESSIVE;
				CLANG_CXX_LANGUAGE_STANDARD = "gnu++14";
				CLANG_CXX_LIBRARY = "libc++";
				CLANG_ENABLE_MODULES = YES;
				CLANG_ENABLE_OBJC_ARC = YES;
				CLANG_ENABLE_OBJC_WEAK = YES;
				CLANG_WARN_BLOCK_CAPTURE_AUTORELEASING = YES;
				CLANG_WARN_BOOL_CONVERSION = YES;
				CLANG_WARN_COMMA = YES;
				CLANG_WARN_CONSTANT_CONVERSION = YES;
				CLANG_WARN_DEPRECATED_OBJC_IMPLEMENTATIONS = YES;
				CLANG_WARN_DIRECT_OBJC_ISA_USAGE = YES_ERROR;
				CLANG_WARN_DOCUMENTATION_COMMENTS = YES;
				CLANG_WARN_EMPTY_BODY = YES;
				CLANG_WARN_ENUM_CONVERSION = YES;
				CLANG_WARN_INFINITE_RECURSION = YES;
				CLANG_WARN_INT_CONVERSION = YES;
				CLANG_WARN_NON_LITERAL_NULL_CONVERSION = YES;
				CLANG_WARN_OBJC_IMPLICIT_RETAIN_SELF = YES;
				CLANG_WARN_OBJC_LITERAL_CONVERSION = YES;
				CLANG_WARN_OBJC_ROOT_CLASS = YES_ERROR;
				CLANG_WARN_RANGE_LOOP_ANALYSIS = YES;
				CLANG_WARN_STRICT_PROTOTYPES = YES;
				CLANG_WARN_SUSPICIOUS_MOVE = YES;
				CLANG_WARN_UNGUARDED_AVAILABILITY = YES_AGGRESSIVE;
				CLANG_WARN_UNREACHABLE_CODE = YES;
				CLANG_WARN__DUPLICATE_METHOD_MATCH = YES;
				COPY_PHASE_STRIP = NO;
				DEBUG_INFORMATION_FORMAT = "dwarf-with-dsym";
				ENABLE_NS_ASSERTIONS = NO;
				ENABLE_STRICT_OBJC_MSGSEND = YES;
				GCC_C_LANGUAGE_STANDARD = gnu11;
				GCC_NO_COMMON_BLOCKS = YES;
				GCC_WARN_64_TO_32_BIT_CONVERSION = YES;
				GCC_WARN_ABOUT_RETURN_TYPE = YES_ERROR;
				GCC_WARN_UNDECLARED_SELECTOR = YES;
				GCC_WARN_UNINITIALIZED_AUTOS = YES_AGGRESSIVE;
				GCC_WARN_UNUSED_FUNCTION = YES;
				GCC_WARN_UNUSED_VARIABLE = YES;
				IPHONEOS_DEPLOYMENT_TARGET = 13.2;
				MTL_ENABLE_DEBUG_INFO = NO;
				MTL_FAST_MATH = YES;
				SDKROOT = iphoneos;
				SWIFT_COMPILATION_MODE = wholemodule;
				SWIFT_OPTIMIZATION_LEVEL = "-O";
				VALIDATE_PRODUCT = YES;
			};
			name = Release;
		};
		CE6D524D24093CA300AB9C53 /* Debug */ = {
			isa = XCBuildConfiguration;
			baseConfigurationReference = D4D3CA07C48BD033C85BB525 /* Pods-Toy And Learn.debug.xcconfig */;
			buildSettings = {
				ASSETCATALOG_COMPILER_APPICON_NAME = AppIcon;
				CODE_SIGN_STYLE = Automatic;
				INFOPLIST_FILE = "Toy And Learn/Info.plist";
				LD_RUNPATH_SEARCH_PATHS = (
					"$(inherited)",
					"@executable_path/Frameworks",
				);
				PRODUCT_BUNDLE_IDENTIFIER = "com.andalus.Toy-And-Learn";
				PRODUCT_NAME = "$(TARGET_NAME)";
				SWIFT_VERSION = 5.0;
				TARGETED_DEVICE_FAMILY = "1,2";
			};
			name = Debug;
		};
		CE6D524E24093CA300AB9C53 /* Release */ = {
			isa = XCBuildConfiguration;
			baseConfigurationReference = 63FE6DABE475B43F803BDB54 /* Pods-Toy And Learn.release.xcconfig */;
			buildSettings = {
				ASSETCATALOG_COMPILER_APPICON_NAME = AppIcon;
				CODE_SIGN_STYLE = Automatic;
				INFOPLIST_FILE = "Toy And Learn/Info.plist";
				LD_RUNPATH_SEARCH_PATHS = (
					"$(inherited)",
					"@executable_path/Frameworks",
				);
				PRODUCT_BUNDLE_IDENTIFIER = "com.andalus.Toy-And-Learn";
				PRODUCT_NAME = "$(TARGET_NAME)";
				SWIFT_VERSION = 5.0;
				TARGETED_DEVICE_FAMILY = "1,2";
			};
			name = Release;
		};
		CEC03A0D240B33DD008B25B7 /* Debug */ = {
			isa = XCBuildConfiguration;
			buildSettings = {
				BUNDLE_LOADER = "$(TEST_HOST)";
				CODE_SIGN_STYLE = Automatic;
				INFOPLIST_FILE = ApiClientTests/Info.plist;
				LD_RUNPATH_SEARCH_PATHS = (
					"$(inherited)",
					"@executable_path/Frameworks",
					"@loader_path/Frameworks",
				);
				PRODUCT_BUNDLE_IDENTIFIER = com.andalus.ApiClientTests;
				PRODUCT_NAME = "$(TARGET_NAME)";
				SWIFT_VERSION = 5.0;
				TARGETED_DEVICE_FAMILY = "1,2";
				TEST_HOST = "$(BUILT_PRODUCTS_DIR)/Toy And Learn.app/Toy And Learn";
			};
			name = Debug;
		};
		CEC03A0E240B33DD008B25B7 /* Release */ = {
			isa = XCBuildConfiguration;
			buildSettings = {
				BUNDLE_LOADER = "$(TEST_HOST)";
				CODE_SIGN_STYLE = Automatic;
				INFOPLIST_FILE = ApiClientTests/Info.plist;
				LD_RUNPATH_SEARCH_PATHS = (
					"$(inherited)",
					"@executable_path/Frameworks",
					"@loader_path/Frameworks",
				);
				PRODUCT_BUNDLE_IDENTIFIER = com.andalus.ApiClientTests;
				PRODUCT_NAME = "$(TARGET_NAME)";
				SWIFT_VERSION = 5.0;
				TARGETED_DEVICE_FAMILY = "1,2";
				TEST_HOST = "$(BUILT_PRODUCTS_DIR)/Toy And Learn.app/Toy And Learn";
			};
			name = Release;
		};
		CEC03A1B240B36B0008B25B7 /* Debug */ = {
			isa = XCBuildConfiguration;
			buildSettings = {
				BUNDLE_LOADER = "$(TEST_HOST)";
				CODE_SIGN_STYLE = Automatic;
				INFOPLIST_FILE = CodableTests/Info.plist;
				LD_RUNPATH_SEARCH_PATHS = (
					"$(inherited)",
					"@executable_path/Frameworks",
					"@loader_path/Frameworks",
				);
				PRODUCT_BUNDLE_IDENTIFIER = com.andalus.CodableTests;
				PRODUCT_NAME = "$(TARGET_NAME)";
				SWIFT_VERSION = 5.0;
				TARGETED_DEVICE_FAMILY = "1,2";
				TEST_HOST = "$(BUILT_PRODUCTS_DIR)/Toy And Learn.app/Toy And Learn";
			};
			name = Debug;
		};
		CEC03A1C240B36B0008B25B7 /* Release */ = {
			isa = XCBuildConfiguration;
			buildSettings = {
				BUNDLE_LOADER = "$(TEST_HOST)";
				CODE_SIGN_STYLE = Automatic;
				INFOPLIST_FILE = CodableTests/Info.plist;
				LD_RUNPATH_SEARCH_PATHS = (
					"$(inherited)",
					"@executable_path/Frameworks",
					"@loader_path/Frameworks",
				);
				PRODUCT_BUNDLE_IDENTIFIER = com.andalus.CodableTests;
				PRODUCT_NAME = "$(TARGET_NAME)";
				SWIFT_VERSION = 5.0;
				TARGETED_DEVICE_FAMILY = "1,2";
				TEST_HOST = "$(BUILT_PRODUCTS_DIR)/Toy And Learn.app/Toy And Learn";
			};
			name = Release;
		};
		CEC03A31240B6225008B25B7 /* Debug */ = {
			isa = XCBuildConfiguration;
			buildSettings = {
				BUNDLE_LOADER = "$(TEST_HOST)";
				CODE_SIGN_STYLE = Automatic;
				INFOPLIST_FILE = CoreDataTests/Info.plist;
				LD_RUNPATH_SEARCH_PATHS = (
					"$(inherited)",
					"@executable_path/Frameworks",
					"@loader_path/Frameworks",
				);
				PRODUCT_BUNDLE_IDENTIFIER = com.andalus.CoreDataTests;
				PRODUCT_NAME = "$(TARGET_NAME)";
				SWIFT_VERSION = 5.0;
				TARGETED_DEVICE_FAMILY = "1,2";
				TEST_HOST = "$(BUILT_PRODUCTS_DIR)/Toy And Learn.app/Toy And Learn";
			};
			name = Debug;
		};
		CEC03A32240B6225008B25B7 /* Release */ = {
			isa = XCBuildConfiguration;
			buildSettings = {
				BUNDLE_LOADER = "$(TEST_HOST)";
				CODE_SIGN_STYLE = Automatic;
				INFOPLIST_FILE = CoreDataTests/Info.plist;
				LD_RUNPATH_SEARCH_PATHS = (
					"$(inherited)",
					"@executable_path/Frameworks",
					"@loader_path/Frameworks",
				);
				PRODUCT_BUNDLE_IDENTIFIER = com.andalus.CoreDataTests;
				PRODUCT_NAME = "$(TARGET_NAME)";
				SWIFT_VERSION = 5.0;
				TARGETED_DEVICE_FAMILY = "1,2";
				TEST_HOST = "$(BUILT_PRODUCTS_DIR)/Toy And Learn.app/Toy And Learn";
			};
			name = Release;
		};
		CEC03A3F240B85A3008B25B7 /* Debug */ = {
			isa = XCBuildConfiguration;
			buildSettings = {
				BUNDLE_LOADER = "$(TEST_HOST)";
				CODE_SIGN_STYLE = Automatic;
				INFOPLIST_FILE = StoryCoreDataTests/Info.plist;
				LD_RUNPATH_SEARCH_PATHS = (
					"$(inherited)",
					"@executable_path/Frameworks",
					"@loader_path/Frameworks",
				);
				PRODUCT_BUNDLE_IDENTIFIER = com.andalus.StoryCoreDataTests;
				PRODUCT_NAME = "$(TARGET_NAME)";
				SWIFT_VERSION = 5.0;
				TARGETED_DEVICE_FAMILY = "1,2";
				TEST_HOST = "$(BUILT_PRODUCTS_DIR)/Toy And Learn.app/Toy And Learn";
			};
			name = Debug;
		};
		CEC03A40240B85A3008B25B7 /* Release */ = {
			isa = XCBuildConfiguration;
			buildSettings = {
				BUNDLE_LOADER = "$(TEST_HOST)";
				CODE_SIGN_STYLE = Automatic;
				INFOPLIST_FILE = StoryCoreDataTests/Info.plist;
				LD_RUNPATH_SEARCH_PATHS = (
					"$(inherited)",
					"@executable_path/Frameworks",
					"@loader_path/Frameworks",
				);
				PRODUCT_BUNDLE_IDENTIFIER = com.andalus.StoryCoreDataTests;
				PRODUCT_NAME = "$(TARGET_NAME)";
				SWIFT_VERSION = 5.0;
				TARGETED_DEVICE_FAMILY = "1,2";
				TEST_HOST = "$(BUILT_PRODUCTS_DIR)/Toy And Learn.app/Toy And Learn";
			};
			name = Release;
		};
		CEF7D267240A8C2600D8C358 /* Debug */ = {
			isa = XCBuildConfiguration;
			buildSettings = {
				BUNDLE_LOADER = "$(TEST_HOST)";
				CODE_SIGN_STYLE = Automatic;
				INFOPLIST_FILE = NetworkHelperTests/Info.plist;
				LD_RUNPATH_SEARCH_PATHS = (
					"$(inherited)",
					"@executable_path/Frameworks",
					"@loader_path/Frameworks",
				);
				PRODUCT_BUNDLE_IDENTIFIER = com.andalus.NetworkHelperTests;
				PRODUCT_NAME = "$(TARGET_NAME)";
				SWIFT_VERSION = 5.0;
				TARGETED_DEVICE_FAMILY = "1,2";
				TEST_HOST = "$(BUILT_PRODUCTS_DIR)/Toy And Learn.app/Toy And Learn";
			};
			name = Debug;
		};
		CEF7D268240A8C2600D8C358 /* Release */ = {
			isa = XCBuildConfiguration;
			buildSettings = {
				BUNDLE_LOADER = "$(TEST_HOST)";
				CODE_SIGN_STYLE = Automatic;
				INFOPLIST_FILE = NetworkHelperTests/Info.plist;
				LD_RUNPATH_SEARCH_PATHS = (
					"$(inherited)",
					"@executable_path/Frameworks",
					"@loader_path/Frameworks",
				);
				PRODUCT_BUNDLE_IDENTIFIER = com.andalus.NetworkHelperTests;
				PRODUCT_NAME = "$(TARGET_NAME)";
				SWIFT_VERSION = 5.0;
				TARGETED_DEVICE_FAMILY = "1,2";
				TEST_HOST = "$(BUILT_PRODUCTS_DIR)/Toy And Learn.app/Toy And Learn";
			};
			name = Release;
		};
/* End XCBuildConfiguration section */

/* Begin XCConfigurationList section */
		CE6D523024093CA000AB9C53 /* Build configuration list for PBXProject "Toy And Learn" */ = {
			isa = XCConfigurationList;
			buildConfigurations = (
				CE6D524A24093CA300AB9C53 /* Debug */,
				CE6D524B24093CA300AB9C53 /* Release */,
			);
			defaultConfigurationIsVisible = 0;
			defaultConfigurationName = Release;
		};
		CE6D524C24093CA300AB9C53 /* Build configuration list for PBXNativeTarget "Toy And Learn" */ = {
			isa = XCConfigurationList;
			buildConfigurations = (
				CE6D524D24093CA300AB9C53 /* Debug */,
				CE6D524E24093CA300AB9C53 /* Release */,
			);
			defaultConfigurationIsVisible = 0;
			defaultConfigurationName = Release;
		};
		CEC03A0C240B33DD008B25B7 /* Build configuration list for PBXNativeTarget "ApiClientTests" */ = {
			isa = XCConfigurationList;
			buildConfigurations = (
				CEC03A0D240B33DD008B25B7 /* Debug */,
				CEC03A0E240B33DD008B25B7 /* Release */,
			);
			defaultConfigurationIsVisible = 0;
			defaultConfigurationName = Release;
		};
		CEC03A1A240B36B0008B25B7 /* Build configuration list for PBXNativeTarget "CodableTests" */ = {
			isa = XCConfigurationList;
			buildConfigurations = (
				CEC03A1B240B36B0008B25B7 /* Debug */,
				CEC03A1C240B36B0008B25B7 /* Release */,
			);
			defaultConfigurationIsVisible = 0;
			defaultConfigurationName = Release;
		};
		CEC03A30240B6225008B25B7 /* Build configuration list for PBXNativeTarget "CoreDataTests" */ = {
			isa = XCConfigurationList;
			buildConfigurations = (
				CEC03A31240B6225008B25B7 /* Debug */,
				CEC03A32240B6225008B25B7 /* Release */,
			);
			defaultConfigurationIsVisible = 0;
			defaultConfigurationName = Release;
		};
		CEC03A3E240B85A3008B25B7 /* Build configuration list for PBXNativeTarget "StoryCoreDataTests" */ = {
			isa = XCConfigurationList;
			buildConfigurations = (
				CEC03A3F240B85A3008B25B7 /* Debug */,
				CEC03A40240B85A3008B25B7 /* Release */,
			);
			defaultConfigurationIsVisible = 0;
			defaultConfigurationName = Release;
		};
		CEF7D269240A8C2600D8C358 /* Build configuration list for PBXNativeTarget "NetworkHelperTests" */ = {
			isa = XCConfigurationList;
			buildConfigurations = (
				CEF7D267240A8C2600D8C358 /* Debug */,
				CEF7D268240A8C2600D8C358 /* Release */,
			);
			defaultConfigurationIsVisible = 0;
			defaultConfigurationName = Release;
		};
/* End XCConfigurationList section */

/* Begin XCVersionGroup section */
		CE6D524124093CA000AB9C53 /* Toy_And_Learn.xcdatamodeld */ = {
			isa = XCVersionGroup;
			children = (
				CE6D524224093CA000AB9C53 /* Toy_And_Learn.xcdatamodel */,
			);
			currentVersion = CE6D524224093CA000AB9C53 /* Toy_And_Learn.xcdatamodel */;
			path = Toy_And_Learn.xcdatamodeld;
			sourceTree = "<group>";
			versionGroupType = wrapper.xcdatamodel;
		};
/* End XCVersionGroup section */
	};
	rootObject = CE6D522D24093CA000AB9C53 /* Project object */;
}
